// !$*UTF8*$!
{
	archiveVersion = 1;
	classes = {
	};
	objectVersion = 46;
	objects = {

/* Begin PBXBuildFile section */
		38C864A019C345AE008DEA09 /* main.m in Sources */ = {isa = PBXBuildFile; fileRef = 38C8649F19C345AE008DEA09 /* main.m */; };
		38C864A319C345AE008DEA09 /* AppDelegate.m in Sources */ = {isa = PBXBuildFile; fileRef = 38C864A219C345AE008DEA09 /* AppDelegate.m */; };
		38C864A619C345AE008DEA09 /* CloudThink.xcdatamodeld in Sources */ = {isa = PBXBuildFile; fileRef = 38C864A419C345AE008DEA09 /* CloudThink.xcdatamodeld */; };
		38C864A919C345AE008DEA09 /* MasterViewController.m in Sources */ = {isa = PBXBuildFile; fileRef = 38C864A819C345AE008DEA09 /* MasterViewController.m */; };
		38C864AC19C345AE008DEA09 /* DetailViewController.m in Sources */ = {isa = PBXBuildFile; fileRef = 38C864AB19C345AE008DEA09 /* DetailViewController.m */; };
		38C864AF19C345AE008DEA09 /* Main.storyboard in Resources */ = {isa = PBXBuildFile; fileRef = 38C864AD19C345AE008DEA09 /* Main.storyboard */; };
		38C864B119C345AE008DEA09 /* Images.xcassets in Resources */ = {isa = PBXBuildFile; fileRef = 38C864B019C345AE008DEA09 /* Images.xcassets */; };
		38C864BD19C345AE008DEA09 /* CloudThinkTests.m in Sources */ = {isa = PBXBuildFile; fileRef = 38C864BC19C345AE008DEA09 /* CloudThinkTests.m */; };
/* End PBXBuildFile section */

/* Begin PBXContainerItemProxy section */
		38C864B719C345AE008DEA09 /* PBXContainerItemProxy */ = {
			isa = PBXContainerItemProxy;
			containerPortal = 38C8649219C345AE008DEA09 /* Project object */;
			proxyType = 1;
			remoteGlobalIDString = 38C8649919C345AE008DEA09;
			remoteInfo = CloudThink;
		};
/* End PBXContainerItemProxy section */

/* Begin PBXFileReference section */
		38C8649A19C345AE008DEA09 /* CloudThink.app */ = {isa = PBXFileReference; explicitFileType = wrapper.application; includeInIndex = 0; path = CloudThink.app; sourceTree = BUILT_PRODUCTS_DIR; };
		38C8649E19C345AE008DEA09 /* Info.plist */ = {isa = PBXFileReference; lastKnownFileType = text.plist.xml; path = Info.plist; sourceTree = "<group>"; };
		38C8649F19C345AE008DEA09 /* main.m */ = {isa = PBXFileReference; lastKnownFileType = sourcecode.c.objc; path = main.m; sourceTree = "<group>"; };
		38C864A119C345AE008DEA09 /* AppDelegate.h */ = {isa = PBXFileReference; lastKnownFileType = sourcecode.c.h; path = AppDelegate.h; sourceTree = "<group>"; };
		38C864A219C345AE008DEA09 /* AppDelegate.m */ = {isa = PBXFileReference; lastKnownFileType = sourcecode.c.objc; path = AppDelegate.m; sourceTree = "<group>"; };
		38C864A519C345AE008DEA09 /* CloudThink.xcdatamodel */ = {isa = PBXFileReference; lastKnownFileType = wrapper.xcdatamodel; path = CloudThink.xcdatamodel; sourceTree = "<group>"; };
		38C864A719C345AE008DEA09 /* MasterViewController.h */ = {isa = PBXFileReference; lastKnownFileType = sourcecode.c.h; path = MasterViewController.h; sourceTree = "<group>"; };
		38C864A819C345AE008DEA09 /* MasterViewController.m */ = {isa = PBXFileReference; lastKnownFileType = sourcecode.c.objc; path = MasterViewController.m; sourceTree = "<group>"; };
		38C864AA19C345AE008DEA09 /* DetailViewController.h */ = {isa = PBXFileReference; lastKnownFileType = sourcecode.c.h; path = DetailViewController.h; sourceTree = "<group>"; };
		38C864AB19C345AE008DEA09 /* DetailViewController.m */ = {isa = PBXFileReference; lastKnownFileType = sourcecode.c.objc; path = DetailViewController.m; sourceTree = "<group>"; };
		38C864AE19C345AE008DEA09 /* Base */ = {isa = PBXFileReference; lastKnownFileType = file.storyboard; name = Base; path = Base.lproj/Main.storyboard; sourceTree = "<group>"; };
		38C864B019C345AE008DEA09 /* Images.xcassets */ = {isa = PBXFileReference; lastKnownFileType = folder.assetcatalog; path = Images.xcassets; sourceTree = "<group>"; };
		38C864B619C345AE008DEA09 /* CloudThinkTests.xctest */ = {isa = PBXFileReference; explicitFileType = wrapper.cfbundle; includeInIndex = 0; path = CloudThinkTests.xctest; sourceTree = BUILT_PRODUCTS_DIR; };
		38C864BB19C345AE008DEA09 /* Info.plist */ = {isa = PBXFileReference; lastKnownFileType = text.plist.xml; path = Info.plist; sourceTree = "<group>"; };
		38C864BC19C345AE008DEA09 /* CloudThinkTests.m */ = {isa = PBXFileReference; lastKnownFileType = sourcecode.c.objc; path = CloudThinkTests.m; sourceTree = "<group>"; };
/* End PBXFileReference section */

/* Begin PBXFrameworksBuildPhase section */
		38C8649719C345AE008DEA09 /* Frameworks */ = {
			isa = PBXFrameworksBuildPhase;
			buildActionMask = 2147483647;
			files = (
			);
			runOnlyForDeploymentPostprocessing = 0;
		};
		38C864B319C345AE008DEA09 /* Frameworks */ = {
			isa = PBXFrameworksBuildPhase;
			buildActionMask = 2147483647;
			files = (
			);
			runOnlyForDeploymentPostprocessing = 0;
		};
/* End PBXFrameworksBuildPhase section */

/* Begin PBXGroup section */
		38C8649119C345AE008DEA09 = {
			isa = PBXGroup;
			children = (
				38C8649C19C345AE008DEA09 /* CloudThink */,
				38C864B919C345AE008DEA09 /* CloudThinkTests */,
				38C8649B19C345AE008DEA09 /* Products */,
			);
			sourceTree = "<group>";
		};
		38C8649B19C345AE008DEA09 /* Products */ = {
			isa = PBXGroup;
			children = (
				38C8649A19C345AE008DEA09 /* CloudThink.app */,
				38C864B619C345AE008DEA09 /* CloudThinkTests.xctest */,
			);
			name = Products;
			sourceTree = "<group>";
		};
		38C8649C19C345AE008DEA09 /* CloudThink */ = {
			isa = PBXGroup;
			children = (
				38C864A119C345AE008DEA09 /* AppDelegate.h */,
				38C864A219C345AE008DEA09 /* AppDelegate.m */,
				38C864A719C345AE008DEA09 /* MasterViewController.h */,
				38C864A819C345AE008DEA09 /* MasterViewController.m */,
				38C864AA19C345AE008DEA09 /* DetailViewController.h */,
				38C864AB19C345AE008DEA09 /* DetailViewController.m */,
				38C864AD19C345AE008DEA09 /* Main.storyboard */,
				38C864B019C345AE008DEA09 /* Images.xcassets */,
				38C864A419C345AE008DEA09 /* CloudThink.xcdatamodeld */,
				38C8649D19C345AE008DEA09 /* Supporting Files */,
			);
			path = CloudThink;
			sourceTree = "<group>";
		};
		38C8649D19C345AE008DEA09 /* Supporting Files */ = {
			isa = PBXGroup;
			children = (
				38C8649E19C345AE008DEA09 /* Info.plist */,
				38C8649F19C345AE008DEA09 /* main.m */,
			);
			name = "Supporting Files";
			sourceTree = "<group>";
		};
		38C864B919C345AE008DEA09 /* CloudThinkTests */ = {
			isa = PBXGroup;
			children = (
				38C864BC19C345AE008DEA09 /* CloudThinkTests.m */,
				38C864BA19C345AE008DEA09 /* Supporting Files */,
			);
			path = CloudThinkTests;
			sourceTree = "<group>";
		};
		38C864BA19C345AE008DEA09 /* Supporting Files */ = {
			isa = PBXGroup;
			children = (
				38C864BB19C345AE008DEA09 /* Info.plist */,
			);
			name = "Supporting Files";
			sourceTree = "<group>";
		};
/* End PBXGroup section */

/* Begin PBXNativeTarget section */
		38C8649919C345AE008DEA09 /* CloudThink */ = {
			isa = PBXNativeTarget;
			buildConfigurationList = 38C864C019C345AE008DEA09 /* Build configuration list for PBXNativeTarget "CloudThink" */;
			buildPhases = (
				38C8649619C345AE008DEA09 /* Sources */,
				38C8649719C345AE008DEA09 /* Frameworks */,
				38C8649819C345AE008DEA09 /* Resources */,
			);
			buildRules = (
			);
			dependencies = (
			);
			name = CloudThink;
			productName = CloudThink;
			productReference = 38C8649A19C345AE008DEA09 /* CloudThink.app */;
			productType = "com.apple.product-type.application";
		};
		38C864B519C345AE008DEA09 /* CloudThinkTests */ = {
			isa = PBXNativeTarget;
			buildConfigurationList = 38C864C319C345AE008DEA09 /* Build configuration list for PBXNativeTarget "CloudThinkTests" */;
			buildPhases = (
				38C864B219C345AE008DEA09 /* Sources */,
				38C864B319C345AE008DEA09 /* Frameworks */,
				38C864B419C345AE008DEA09 /* Resources */,
			);
			buildRules = (
			);
			dependencies = (
				38C864B819C345AE008DEA09 /* PBXTargetDependency */,
			);
			name = CloudThinkTests;
			productName = CloudThinkTests;
			productReference = 38C864B619C345AE008DEA09 /* CloudThinkTests.xctest */;
			productType = "com.apple.product-type.bundle.unit-test";
		};
/* End PBXNativeTarget section */

/* Begin PBXProject section */
		38C8649219C345AE008DEA09 /* Project object */ = {
			isa = PBXProject;
			attributes = {
				LastUpgradeCheck = 0600;
				ORGANIZATIONNAME = "Mohamed Kane";
				TargetAttributes = {
					38C8649919C345AE008DEA09 = {
						CreatedOnToolsVersion = 6.0;
					};
					38C864B519C345AE008DEA09 = {
						CreatedOnToolsVersion = 6.0;
						TestTargetID = 38C8649919C345AE008DEA09;
					};
				};
			};
			buildConfigurationList = 38C8649519C345AE008DEA09 /* Build configuration list for PBXProject "CloudThink" */;
			compatibilityVersion = "Xcode 3.2";
			developmentRegion = English;
			hasScannedForEncodings = 0;
			knownRegions = (
				en,
				Base,
			);
			mainGroup = 38C8649119C345AE008DEA09;
			productRefGroup = 38C8649B19C345AE008DEA09 /* Products */;
			projectDirPath = "";
			projectRoot = "";
			targets = (
				38C8649919C345AE008DEA09 /* CloudThink */,
				38C864B519C345AE008DEA09 /* CloudThinkTests */,
			);
		};
/* End PBXProject section */

/* Begin PBXResourcesBuildPhase section */
		38C8649819C345AE008DEA09 /* Resources */ = {
			isa = PBXResourcesBuildPhase;
			buildActionMask = 2147483647;
			files = (
				38C864AF19C345AE008DEA09 /* Main.storyboard in Resources */,
				38C864B119C345AE008DEA09 /* Images.xcassets in Resources */,
			);
			runOnlyForDeploymentPostprocessing = 0;
		};
		38C864B419C345AE008DEA09 /* Resources */ = {
			isa = PBXResourcesBuildPhase;
			buildActionMask = 2147483647;
			files = (
			);
			runOnlyForDeploymentPostprocessing = 0;
		};
/* End PBXResourcesBuildPhase section */

/* Begin PBXSourcesBuildPhase section */
		38C8649619C345AE008DEA09 /* Sources */ = {
			isa = PBXSourcesBuildPhase;
			buildActionMask = 2147483647;
			files = (
				38C864AC19C345AE008DEA09 /* DetailViewController.m in Sources */,
				38C864A919C345AE008DEA09 /* MasterViewController.m in Sources */,
				38C864A619C345AE008DEA09 /* CloudThink.xcdatamodeld in Sources */,
				38C864A319C345AE008DEA09 /* AppDelegate.m in Sources */,
				38C864A019C345AE008DEA09 /* main.m in Sources */,
			);
			runOnlyForDeploymentPostprocessing = 0;
		};
		38C864B219C345AE008DEA09 /* Sources */ = {
			isa = PBXSourcesBuildPhase;
			buildActionMask = 2147483647;
			files = (
				38C864BD19C345AE008DEA09 /* CloudThinkTests.m in Sources */,
			);
			runOnlyForDeploymentPostprocessing = 0;
		};
/* End PBXSourcesBuildPhase section */

/* Begin PBXTargetDependency section */
		38C864B819C345AE008DEA09 /* PBXTargetDependency */ = {
			isa = PBXTargetDependency;
			target = 38C8649919C345AE008DEA09 /* CloudThink */;
			targetProxy = 38C864B719C345AE008DEA09 /* PBXContainerItemProxy */;
		};
/* End PBXTargetDependency section */

/* Begin PBXVariantGroup section */
		38C864AD19C345AE008DEA09 /* Main.storyboard */ = {
			isa = PBXVariantGroup;
			children = (
				38C864AE19C345AE008DEA09 /* Base */,
			);
			name = Main.storyboard;
			sourceTree = "<group>";
		};
/* End PBXVariantGroup section */

/* Begin XCBuildConfiguration section */
		38C864BE19C345AE008DEA09 /* Debug */ = {
			isa = XCBuildConfiguration;
			buildSettings = {
				ALWAYS_SEARCH_USER_PATHS = NO;
				CLANG_CXX_LANGUAGE_STANDARD = "gnu++0x";
				CLANG_CXX_LIBRARY = "libc++";
				CLANG_ENABLE_MODULES = YES;
				CLANG_ENABLE_OBJC_ARC = YES;
				CLANG_WARN_BOOL_CONVERSION = YES;
				CLANG_WARN_CONSTANT_CONVERSION = YES;
				CLANG_WARN_DIRECT_OBJC_ISA_USAGE = YES_ERROR;
				CLANG_WARN_EMPTY_BODY = YES;
				CLANG_WARN_ENUM_CONVERSION = YES;
				CLANG_WARN_INT_CONVERSION = YES;
				CLANG_WARN_OBJC_ROOT_CLASS = YES_ERROR;
				CLANG_WARN_UNREACHABLE_CODE = YES;
				CLANG_WARN__DUPLICATE_METHOD_MATCH = YES;
				"CODE_SIGN_IDENTITY[sdk=iphoneos*]" = "iPhone Developer";
				COPY_PHASE_STRIP = NO;
				ENABLE_STRICT_OBJC_MSGSEND = YES;
				GCC_C_LANGUAGE_STANDARD = gnu99;
				GCC_DYNAMIC_NO_PIC = NO;
				GCC_OPTIMIZATION_LEVEL = 0;
				GCC_PREPROCESSOR_DEFINITIONS = (
					"DEBUG=1",
					"$(inherited)",
				);
				GCC_SYMBOLS_PRIVATE_EXTERN = NO;
				GCC_WARN_64_TO_32_BIT_CONVERSION = YES;
				GCC_WARN_ABOUT_RETURN_TYPE = YES_ERROR;
				GCC_WARN_UNDECLARED_SELECTOR = YES;
				GCC_WARN_UNINITIALIZED_AUTOS = YES_AGGRESSIVE;
				GCC_WARN_UNUSED_FUNCTION = YES;
				GCC_WARN_UNUSED_VARIABLE = YES;
				IPHONEOS_DEPLOYMENT_TARGET = 8.0;
				MTL_ENABLE_DEBUG_INFO = YES;
				ONLY_ACTIVE_ARCH = YES;
				SDKROOT = iphoneos;
				TARGETED_DEVICE_FAMILY = "1,2";
			};
			name = Debug;
		};
		38C864BF19C345AE008DEA09 /* Release */ = {
			isa = XCBuildConfiguration;
			buildSettings = {
				ALWAYS_SEARCH_USER_PATHS = NO;
				CLANG_CXX_LANGUAGE_STANDARD = "gnu++0x";
				CLANG_CXX_LIBRARY = "libc++";
				CLANG_ENABLE_MODULES = YES;
				CLANG_ENABLE_OBJC_ARC = YES;
				CLANG_WARN_BOOL_CONVERSION = YES;
				CLANG_WARN_CONSTANT_CONVERSION = YES;
				CLANG_WARN_DIRECT_OBJC_ISA_USAGE = YES_ERROR;
				CLANG_WARN_EMPTY_BODY = YES;
				CLANG_WARN_ENUM_CONVERSION = YES;
				CLANG_WARN_INT_CONVERSION = YES;
				CLANG_WARN_OBJC_ROOT_CLASS = YES_ERROR;
				CLANG_WARN_UNREACHABLE_CODE = YES;
				CLANG_WARN__DUPLICATE_METHOD_MATCH = YES;
				"CODE_SIGN_IDENTITY[sdk=iphoneos*]" = "iPhone Developer";
				COPY_PHASE_STRIP = YES;
				ENABLE_NS_ASSERTIONS = NO;
				ENABLE_STRICT_OBJC_MSGSEND = YES;
				GCC_C_LANGUAGE_STANDARD = gnu99;
				GCC_WARN_64_TO_32_BIT_CONVERSION = YES;
				GCC_WARN_ABOUT_RETURN_TYPE = YES_ERROR;
				GCC_WARN_UNDECLARED_SELECTOR = YES;
				GCC_WARN_UNINITIALIZED_AUTOS = YES_AGGRESSIVE;
				GCC_WARN_UNUSED_FUNCTION = YES;
				GCC_WARN_UNUSED_VARIABLE = YES;
				IPHONEOS_DEPLOYMENT_TARGET = 8.0;
				MTL_ENABLE_DEBUG_INFO = NO;
				SDKROOT = iphoneos;
				TARGETED_DEVICE_FAMILY = "1,2";
				VALIDATE_PRODUCT = YES;
			};
			name = Release;
		};
		38C864C119C345AE008DEA09 /* Debug */ = {
			isa = XCBuildConfiguration;
			buildSettings = {
				ASSETCATALOG_COMPILER_APPICON_NAME = AppIcon;
				ASSETCATALOG_COMPILER_LAUNCHIMAGE_NAME = LaunchImage;
				INFOPLIST_FILE = CloudThink/Info.plist;
				LD_RUNPATH_SEARCH_PATHS = "$(inherited) @executable_path/Frameworks";
				PRODUCT_NAME = "$(TARGET_NAME)";
			};
			name = Debug;
		};
		38C864C219C345AE008DEA09 /* Release */ = {
			isa = XCBuildConfiguration;
			buildSettings = {
				ASSETCATALOG_COMPILER_APPICON_NAME = AppIcon;
				ASSETCATALOG_COMPILER_LAUNCHIMAGE_NAME = LaunchImage;
				INFOPLIST_FILE = CloudThink/Info.plist;
				LD_RUNPATH_SEARCH_PATHS = "$(inherited) @executable_path/Frameworks";
				PRODUCT_NAME = "$(TARGET_NAME)";
			};
			name = Release;
		};
		38C864C419C345AE008DEA09 /* Debug */ = {
			isa = XCBuildConfiguration;
			buildSettings = {
				BUNDLE_LOADER = "$(TEST_HOST)";
				FRAMEWORK_SEARCH_PATHS = (
					"$(SDKROOT)/Developer/Library/Frameworks",
					"$(inherited)",
				);
				GCC_PREPROCESSOR_DEFINITIONS = (
					"DEBUG=1",
					"$(inherited)",
				);
				INFOPLIST_FILE = CloudThinkTests/Info.plist;
				LD_RUNPATH_SEARCH_PATHS = "$(inherited) @executable_path/Frameworks @loader_path/Frameworks";
				PRODUCT_NAME = "$(TARGET_NAME)";
				TEST_HOST = "$(BUILT_PRODUCTS_DIR)/CloudThink.app/CloudThink";
			};
			name = Debug;
		};
		38C864C519C345AE008DEA09 /* Release */ = {
			isa = XCBuildConfiguration;
			buildSettings = {
				BUNDLE_LOADER = "$(TEST_HOST)";
				FRAMEWORK_SEARCH_PATHS = (
					"$(SDKROOT)/Developer/Library/Frameworks",
					"$(inherited)",
				);
				INFOPLIST_FILE = CloudThinkTests/Info.plist;
				LD_RUNPATH_SEARCH_PATHS = "$(inherited) @executable_path/Frameworks @loader_path/Frameworks";
				PRODUCT_NAME = "$(TARGET_NAME)";
				TEST_HOST = "$(BUILT_PRODUCTS_DIR)/CloudThink.app/CloudThink";
			};
			name = Release;
		};
/* End XCBuildConfiguration section */

/* Begin XCConfigurationList section */
		38C8649519C345AE008DEA09 /* Build configuration list for PBXProject "CloudThink" */ = {
			isa = XCConfigurationList;
			buildConfigurations = (
				38C864BE19C345AE008DEA09 /* Debug */,
				38C864BF19C345AE008DEA09 /* Release */,
			);
			defaultConfigurationIsVisible = 0;
			defaultConfigurationName = Release;
		};
		38C864C019C345AE008DEA09 /* Build configuration list for PBXNativeTarget "CloudThink" */ = {
			isa = XCConfigurationList;
			buildConfigurations = (
				38C864C119C345AE008DEA09 /* Debug */,
				38C864C219C345AE008DEA09 /* Release */,
			);
			defaultConfigurationIsVisible = 0;
		};
		38C864C319C345AE008DEA09 /* Build configuration list for PBXNativeTarget "CloudThinkTests" */ = {
			isa = XCConfigurationList;
			buildConfigurations = (
				38C864C419C345AE008DEA09 /* Debug */,
				38C864C519C345AE008DEA09 /* Release */,
			);
			defaultConfigurationIsVisible = 0;
		};
/* End XCConfigurationList section */

/* Begin XCVersionGroup section */
		38C864A419C345AE008DEA09 /* CloudThink.xcdatamodeld */ = {
			isa = XCVersionGroup;
			children = (
				38C864A519C345AE008DEA09 /* CloudThink.xcdatamodel */,
			);
			currentVersion = 38C864A519C345AE008DEA09 /* CloudThink.xcdatamodel */;
			path = CloudThink.xcdatamodeld;
			sourceTree = "<group>";
			versionGroupType = wrapper.xcdatamodel;
		};
/* End XCVersionGroup section */
	};
	rootObject = 38C8649219C345AE008DEA09 /* Project object */;
}
